
Microsoft Visual Studio Solution File, Format Version 12.00
# Visual Studio 15
VisualStudioVersion = 15.0.27428.2037
MinimumVisualStudioVersion = 10.0.40219.1
Project("{9A19103F-16F7-4668-BE54-9A1E7A4F7556}") = "BaseApiCore", "BaseApiCore\BaseApiCore.csproj", "{24188E88-2F59-41E5-9191-A4BC0BDE8521}"
EndProject
Project("{FAE04EC0-301F-11D3-BF4B-00C04F79EFBC}") = "BaseApiCore.Repository", "BaseApiCore.Repository\BaseApiCore.Repository.csproj", "{984B464C-87AC-465B-AB24-73270772A587}"
EndProject
Project("{FAE04EC0-301F-11D3-BF4B-00C04F79EFBC}") = "BaseApiCore.Data", "BaseApiCore.Data\BaseApiCore.Data.csproj", "{5AB23C85-16B5-406E-9D75-81182AC33C1C}"
EndProject
Project("{FAE04EC0-301F-11D3-BF4B-00C04F79EFBC}") = "BaseApiCore.Business", "BaseApiCore.Business\BaseApiCore.Business.csproj", "{D4518337-B842-42D8-91EC-B6A40B6C1D69}"
EndProject
Project("{FAE04EC0-301F-11D3-BF4B-00C04F79EFBC}") = "BaseApiCore.Model", "BaseApiCore.Model\BaseApiCore.Model.csproj", "{DE51F3C0-6B02-4453-AB20-CC1CE6D58BA8}"
EndProject
Global
	GlobalSection(SolutionConfigurationPlatforms) = preSolution
		Debug|Any CPU = Debug|Any CPU
		Release|Any CPU = Release|Any CPU
	EndGlobalSection
	GlobalSection(ProjectConfigurationPlatforms) = postSolution
		{24188E88-2F59-41E5-9191-A4BC0BDE8521}.Debug|Any CPU.ActiveCfg = Debug|Any CPU
		{24188E88-2F59-41E5-9191-A4BC0BDE8521}.Debug|Any CPU.Build.0 = Debug|Any CPU
		{24188E88-2F59-41E5-9191-A4BC0BDE8521}.Release|Any CPU.ActiveCfg = Release|Any CPU
		{24188E88-2F59-41E5-9191-A4BC0BDE8521}.Release|Any CPU.Build.0 = Release|Any CPU
		{984B464C-87AC-465B-AB24-73270772A587}.Debug|Any CPU.ActiveCfg = Debug|Any CPU
		{984B464C-87AC-465B-AB24-73270772A587}.Debug|Any CPU.Build.0 = Debug|Any CPU
		{984B464C-87AC-465B-AB24-73270772A587}.Release|Any CPU.ActiveCfg = Release|Any CPU
		{984B464C-87AC-465B-AB24-73270772A587}.Release|Any CPU.Build.0 = Release|Any CPU
		{5AB23C85-16B5-406E-9D75-81182AC33C1C}.Debug|Any CPU.ActiveCfg = Debug|Any CPU
		{5AB23C85-16B5-406E-9D75-81182AC33C1C}.Debug|Any CPU.Build.0 = Debug|Any CPU
		{5AB23C85-16B5-406E-9D75-81182AC33C1C}.Release|Any CPU.ActiveCfg = Release|Any CPU
		{5AB23C85-16B5-406E-9D75-81182AC33C1C}.Release|Any CPU.Build.0 = Release|Any CPU
		{D4518337-B842-42D8-91EC-B6A40B6C1D69}.Debug|Any CPU.ActiveCfg = Debug|Any CPU
		{D4518337-B842-42D8-91EC-B6A40B6C1D69}.Debug|Any CPU.Build.0 = Debug|Any CPU
		{D4518337-B842-42D8-91EC-B6A40B6C1D69}.Release|Any CPU.ActiveCfg = Release|Any CPU
		{D4518337-B842-42D8-91EC-B6A40B6C1D69}.Release|Any CPU.Build.0 = Release|Any CPU
		{DE51F3C0-6B02-4453-AB20-CC1CE6D58BA8}.Debug|Any CPU.ActiveCfg = Debug|Any CPU
		{DE51F3C0-6B02-4453-AB20-CC1CE6D58BA8}.Debug|Any CPU.Build.0 = Debug|Any CPU
		{DE51F3C0-6B02-4453-AB20-CC1CE6D58BA8}.Release|Any CPU.ActiveCfg = Release|Any CPU
		{DE51F3C0-6B02-4453-AB20-CC1CE6D58BA8}.Release|Any CPU.Build.0 = Release|Any CPU
	EndGlobalSection
	GlobalSection(SolutionProperties) = preSolution
		HideSolutionNode = FALSE
	EndGlobalSection
	GlobalSection(ExtensibilityGlobals) = postSolution
		SolutionGuid = {2B7D98D2-8696-4E41-8C64-390233553F8D}
	EndGlobalSection
EndGlobal
